<?xml version="1.0" encoding="utf-8"?>
<Project ToolsVersion="4.0" xmlns="http://schemas.microsoft.com/developer/msbuild/2003">
  <ItemGroup>
    <ClCompile Include="Project.cpp">
      <Filter>Source Files</Filter>
    </ClCompile>
    <ClCompile Include="LoadShaders.cpp">
      <Filter>Source Files</Filter>
    </ClCompile>
    <ClCompile Include="Cell.cpp">
      <Filter>Source Files</Filter>
    </ClCompile>
    <ClCompile Include="Reader.cpp">
      <Filter>Source Files</Filter>
    </ClCompile>
    <ClCompile Include="Main.cpp">
      <Filter>Source Files</Filter>
    </ClCompile>
    <ClCompile Include="Program.cpp">
      <Filter>Source Files</Filter>
    </ClCompile>
    <ClCompile Include="imgui.cpp">
      <Filter>DearImGUI</Filter>
    </ClCompile>
    <ClCompile Include="imgui_demo.cpp">
      <Filter>DearImGUI</Filter>
    </ClCompile>
    <ClCompile Include="imgui_draw.cpp">
      <Filter>DearImGUI</Filter>
    </ClCompile>
    <ClCompile Include="imgui_impl_glfw.cpp">
      <Filter>DearImGUI</Filter>
    </ClCompile>
    <ClCompile Include="imgui_impl_opengl3.cpp">
      <Filter>DearImGUI</Filter>
    </ClCompile>
    <ClCompile Include="imgui_tables.cpp">
      <Filter>DearImGUI</Filter>
    </ClCompile>
    <ClCompile Include="imgui_widgets.cpp">
      <Filter>DearImGUI</Filter>
    </ClCompile>
    <ClCompile Include="StateMachine.cpp">
      <Filter>Source Files</Filter>
    </ClCompile>
    <ClCompile Include="LoadedMapState.cpp">
      <Filter>Source Files</Filter>
    </ClCompile>
    <ClCompile Include="GeneratedMapState.cpp">
      <Filter>Source Files</Filter>
    </ClCompile>
    <ClCompile Include="VoronoiDiagram.cpp">
      <Filter>Source Files</Filter>
    </ClCompile>
  </ItemGroup>
  <ItemGroup>
    <ClInclude Include="stb_image.h" />
    <ClInclude Include="Project.h">
      <Filter>Header Files</Filter>
    </ClInclude>
    <ClInclude Include="LoadShaders.h">
      <Filter>Header Files</Filter>
    </ClInclude>
    <ClInclude Include="Cell.h">
      <Filter>Header Files</Filter>
    </ClInclude>
    <ClInclude Include="Reader.h">
      <Filter>Header Files</Filter>
    </ClInclude>
    <ClInclude Include="Program.h">
      <Filter>Header Files</Filter>
    </ClInclude>
    <ClInclude Include="imconfig.h" />
    <ClInclude Include="imgui.h">
      <Filter>DearImGUI</Filter>
    </ClInclude>
    <ClInclude Include="imgui_impl_glfw.h">
      <Filter>DearImGUI</Filter>
    </ClInclude>
    <ClInclude Include="imgui_impl_opengl3.h">
      <Filter>DearImGUI</Filter>
    </ClInclude>
    <ClInclude Include="imgui_internal.h">
      <Filter>DearImGUI</Filter>
    </ClInclude>
    <ClInclude Include="imstb_rectpack.h">
      <Filter>DearImGUI</Filter>
    </ClInclude>
    <ClInclude Include="imstb_textedit.h">
      <Filter>DearImGUI</Filter>
    </ClInclude>
    <ClInclude Include="imstb_truetype.h">
      <Filter>DearImGUI</Filter>
    </ClInclude>
    <ClInclude Include="StateMachine.h">
      <Filter>Header Files</Filter>
    </ClInclude>
    <ClInclude Include="State.h">
      <Filter>Header Files</Filter>
    </ClInclude>
    <ClInclude Include="LoadedMapState.h">
      <Filter>Header Files</Filter>
    </ClInclude>
    <ClInclude Include="GeneratedMapState.h">
      <Filter>Header Files</Filter>
    </ClInclude>
    <ClInclude Include="VoronoiDiagram.h">
      <Filter>Header Files</Filter>
    </ClInclude>
    <ClInclude Include="Beachline.h">
      <Filter>MyGAL</Filter>
    </ClInclude>
    <ClInclude Include="Box.h">
      <Filter>MyGAL</Filter>
    </ClInclude>
    <ClInclude Include="Diagram.h">
      <Filter>MyGAL</Filter>
    </ClInclude>
    <ClInclude Include="Event.h">
      <Filter>MyGAL</Filter>
    </ClInclude>
    <ClInclude Include="FortuneAlgorithm.h">
      <Filter>MyGAL</Filter>
    </ClInclude>
    <ClInclude Include="PriorityQueue.h">
      <Filter>MyGAL</Filter>
    </ClInclude>
    <ClInclude Include="Triangulation.h">
      <Filter>MyGAL</Filter>
    </ClInclude>
    <ClInclude Include="util.h">
      <Filter>MyGAL</Filter>
    </ClInclude>
    <ClInclude Include="Vector2.h">
      <Filter>MyGAL</Filter>
    </ClInclude>
    <ClInclude Include="Arc.h">
      <Filter>MyGAL</Filter>
    </ClInclude>
    <ClInclude Include="FastNoiseLite.h">
      <Filter>FastNoiseLite</Filter>
    </ClInclude>
  </ItemGroup>
  <ItemGroup>
    <Image Include="media\textures\awesomeface.png" />
  </ItemGroup>
  <ItemGroup>
    <None Include="packages.config" />
    <None Include="media\cells.frag">
      <Filter>Shaders</Filter>
    </None>
    <None Include="media\cells.vert">
      <Filter>Shaders</Filter>
    </None>
    <None Include="media\points.frag">
      <Filter>Shaders</Filter>
    </None>
    <None Include="media\points.vert">
      <Filter>Shaders</Filter>
    </None>
  </ItemGroup>
  <ItemGroup>
    <Filter Include="Header Files">
      <UniqueIdentifier>{d77740af-2552-4c0d-88b0-5ef38a4f6dba}</UniqueIdentifier>
    </Filter>
    <Filter Include="Source Files">
      <UniqueIdentifier>{34ca9b09-04c9-4262-8d07-0ff0955f7934}</UniqueIdentifier>
    </Filter>
    <Filter Include="Shaders">
      <UniqueIdentifier>{0845b95e-3955-45e8-9a85-2c5fff8d3682}</UniqueIdentifier>
    </Filter>
    <Filter Include="DearImGUI">
      <UniqueIdentifier>{c0d8b88e-4537-4280-8a3b-0e28c187d015}</UniqueIdentifier>
    </Filter>
    <Filter Include="MyGAL">
      <UniqueIdentifier>{4b24afc3-4e6f-4b54-885e-3c87d9bdd8b3}</UniqueIdentifier>
    </Filter>
    <Filter Include="FastNoiseLite">
      <UniqueIdentifier>{cc127d1c-3176-4fa8-a4e2-13c185edd0d6}</UniqueIdentifier>
    </Filter>
  </ItemGroup>
</Project>